{
  "version": 4,
  "terraform_version": "0.13.0",
  "serial": 1,
  "lineage": "00413a14-faad-c457-807d-56ebb53ec14d",
  "outputs": {},
  "resources": [
    {
      "mode": "managed",
      "type": "local_file",
      "name": "file",
      "provider": "provider[\"registry.terraform.io/hashicorp/local\"]",
      "instances": [
        {
          "schema_version": 0,
          "attributes": {
            "content": "Hello World! let's pratice terraform!!",
            "content_base64": null,
            "content_base64sha256": "2K253lS/v+q8fuqSA1sMWEjwvQauYFoP2ryXcDvIPXk=",
            "content_base64sha512": "P/+JEs/prQS28laDcEfiaSWB70fGKPj9TvhSWGOX2sVyfkBcB+k2kQiplG4n1/of7TFWBJqJVHQaqkIh3bF1VQ==",
            "content_md5": "4e54e462f0ba66f7cfabe73e0ee7e004",
            "content_sha1": "c556d9f19ceeb0548231c53d89faa970ba1e995d",
            "content_sha256": "d8adb9de54bfbfeabc7eea92035b0c5848f0bd06ae605a0fdabc97703bc83d79",
            "content_sha512": "3fff8912cfe9ad04b6f256837047e2692581ef47c628f8fd4ef852586397dac5727e405c07e9369108a9946e27d7fa1fed3156049a8954741aaa4221ddb17555",
            "directory_permission": "0777",
            "file_permission": "0777",
            "filename": "hello-world.txt",
            "id": "c556d9f19ceeb0548231c53d89faa970ba1e995d",
            "sensitive_content": null,
            "source": null
          }
        }
      ]
    }
  ]
}
